
Microsoft Visual Studio Solution File, Format Version 12.00
# Visual Studio Version 17
VisualStudioVersion = 17.0.31903.59
MinimumVisualStudioVersion = 10.0.40219.1
Project("{2150E333-8FDC-42A3-9474-1A3956D46DE8}") = "src", "src", "{827E0CD3-B72D-47B6-A68D-7590B98EB39B}"
EndProject
Project("{FAE04EC0-301F-11D3-BF4B-00C04F79EFBC}") = "Handinpack.Core", "src\Handinpack.Core\Handinpack.Core.csproj", "{345CCA30-E61A-451F-88A5-287D1F518E1C}"
EndProject
Project("{FAE04EC0-301F-11D3-BF4B-00C04F79EFBC}") = "Handinpack.App", "src\Handinpack.App\Handinpack.App.csproj", "{E5F2D100-A447-406B-9ADF-8C80870578FD}"
EndProject
Project("{FAE04EC0-301F-11D3-BF4B-00C04F79EFBC}") = "Carryall.Cli", "src\Carryall.Cli\Carryall.Cli.csproj", "{A2D7F893-6DAA-4DFA-96A8-40B8B663D890}"
EndProject
Project("{2150E333-8FDC-42A3-9474-1A3956D46DE8}") = "tests", "tests", "{0AB3BF05-4346-4AA6-1389-037BE0695223}"
EndProject
Project("{FAE04EC0-301F-11D3-BF4B-00C04F79EFBC}") = "Handinpack.Tests", "tests\Handinpack.Tests\Handinpack.Tests.csproj", "{1C172F2A-9E23-4EA5-94BA-493B217E02EF}"
EndProject
Project("{FAE04EC0-301F-11D3-BF4B-00C04F79EFBC}") = "Handinpack.App.Tests", "tests\Handinpack.App.Tests\Handinpack.App.Tests.csproj", "{75348837-732C-4029-B576-4B8CE6AE2A53}"
EndProject
Global
	GlobalSection(SolutionConfigurationPlatforms) = preSolution
		Debug|Any CPU = Debug|Any CPU
		Release|Any CPU = Release|Any CPU
	EndGlobalSection
	GlobalSection(ProjectConfigurationPlatforms) = postSolution
		{345CCA30-E61A-451F-88A5-287D1F518E1C}.Debug|Any CPU.ActiveCfg = Debug|Any CPU
		{345CCA30-E61A-451F-88A5-287D1F518E1C}.Debug|Any CPU.Build.0 = Debug|Any CPU
		{345CCA30-E61A-451F-88A5-287D1F518E1C}.Release|Any CPU.ActiveCfg = Release|Any CPU
		{345CCA30-E61A-451F-88A5-287D1F518E1C}.Release|Any CPU.Build.0 = Release|Any CPU
		{E5F2D100-A447-406B-9ADF-8C80870578FD}.Debug|Any CPU.ActiveCfg = Debug|Any CPU
		{E5F2D100-A447-406B-9ADF-8C80870578FD}.Debug|Any CPU.Build.0 = Debug|Any CPU
		{E5F2D100-A447-406B-9ADF-8C80870578FD}.Release|Any CPU.ActiveCfg = Release|Any CPU
		{E5F2D100-A447-406B-9ADF-8C80870578FD}.Release|Any CPU.Build.0 = Release|Any CPU
		{A2D7F893-6DAA-4DFA-96A8-40B8B663D890}.Debug|Any CPU.ActiveCfg = Debug|Any CPU
		{A2D7F893-6DAA-4DFA-96A8-40B8B663D890}.Debug|Any CPU.Build.0 = Debug|Any CPU
		{A2D7F893-6DAA-4DFA-96A8-40B8B663D890}.Release|Any CPU.ActiveCfg = Release|Any CPU
		{A2D7F893-6DAA-4DFA-96A8-40B8B663D890}.Release|Any CPU.Build.0 = Release|Any CPU
		{1C172F2A-9E23-4EA5-94BA-493B217E02EF}.Debug|Any CPU.ActiveCfg = Debug|Any CPU
		{1C172F2A-9E23-4EA5-94BA-493B217E02EF}.Debug|Any CPU.Build.0 = Debug|Any CPU
		{1C172F2A-9E23-4EA5-94BA-493B217E02EF}.Release|Any CPU.ActiveCfg = Release|Any CPU
		{1C172F2A-9E23-4EA5-94BA-493B217E02EF}.Release|Any CPU.Build.0 = Release|Any CPU
		{75348837-732C-4029-B576-4B8CE6AE2A53}.Debug|Any CPU.ActiveCfg = Debug|Any CPU
		{75348837-732C-4029-B576-4B8CE6AE2A53}.Debug|Any CPU.Build.0 = Debug|Any CPU
		{75348837-732C-4029-B576-4B8CE6AE2A53}.Release|Any CPU.ActiveCfg = Release|Any CPU
		{75348837-732C-4029-B576-4B8CE6AE2A53}.Release|Any CPU.Build.0 = Release|Any CPU
	EndGlobalSection
	GlobalSection(SolutionProperties) = preSolution
		HideSolutionNode = FALSE
	EndGlobalSection
	GlobalSection(NestedProjects) = preSolution
		{345CCA30-E61A-451F-88A5-287D1F518E1C} = {827E0CD3-B72D-47B6-A68D-7590B98EB39B}
		{E5F2D100-A447-406B-9ADF-8C80870578FD} = {827E0CD3-B72D-47B6-A68D-7590B98EB39B}
		{A2D7F893-6DAA-4DFA-96A8-40B8B663D890} = {827E0CD3-B72D-47B6-A68D-7590B98EB39B}
		{1C172F2A-9E23-4EA5-94BA-493B217E02EF} = {0AB3BF05-4346-4AA6-1389-037BE0695223}
		{75348837-732C-4029-B576-4B8CE6AE2A53} = {0AB3BF05-4346-4AA6-1389-037BE0695223}
	EndGlobalSection
EndGlobal
